
Microsoft Visual Studio Solution File, Format Version 12.00
# Visual Studio Version 17
VisualStudioVersion = 17.0.31717.71
MinimumVisualStudioVersion = 10.0.40219.1
Project("{FAE04EC0-301F-11D3-BF4B-00C04F79EFBC}") = "ElBuenSaborWeb", "ElBuenSaborWeb\ElBuenSaborWeb.csproj", "{27E89D16-E096-4218-AD23-02E82AF385D5}"
EndProject
Global
	GlobalSection(SolutionConfigurationPlatforms) = preSolution
		Debug|Any CPU = Debug|Any CPU
		Release|Any CPU = Release|Any CPU
	EndGlobalSection
	GlobalSection(ProjectConfigurationPlatforms) = postSolution
		{27E89D16-E096-4218-AD23-02E82AF385D5}.Debug|Any CPU.ActiveCfg = Debug|Any CPU
		{27E89D16-E096-4218-AD23-02E82AF385D5}.Debug|Any CPU.Build.0 = Debug|Any CPU
		{27E89D16-E096-4218-AD23-02E82AF385D5}.Release|Any CPU.ActiveCfg = Release|Any CPU
		{27E89D16-E096-4218-AD23-02E82AF385D5}.Release|Any CPU.Build.0 = Release|Any CPU
	EndGlobalSection
	GlobalSection(SolutionProperties) = preSolution
		HideSolutionNode = FALSE
	EndGlobalSection
	GlobalSection(ExtensibilityGlobals) = postSolution
		SolutionGuid = {5018E689-9A11-45D7-9C30-7BDD41C0AB30}
	EndGlobalSection
EndGlobal
